
Microsoft Visual Studio Solution File, Format Version 11.00
# Visual Studio 2010
Project("{FAE04EC0-301F-11D3-BF4B-00C04F79EFBC}") = "Notes", "Notes\Notes.csproj", "{9CA540AD-C6AB-4983-ABB3-0E9CF0C98CCD}"
EndProject
Project("{FAE04EC0-301F-11D3-BF4B-00C04F79EFBC}") = "BackEnd", "BackEnd\BackEnd.csproj", "{282C0D3B-E68E-41F4-A820-E5E7A034CFD7}"
EndProject
Global
	GlobalSection(SolutionConfigurationPlatforms) = preSolution
		Debug|Any CPU = Debug|Any CPU
		Release|Any CPU = Release|Any CPU
	EndGlobalSection
	GlobalSection(ProjectConfigurationPlatforms) = postSolution
		{9CA540AD-C6AB-4983-ABB3-0E9CF0C98CCD}.Debug|Any CPU.ActiveCfg = Debug|Any CPU
		{9CA540AD-C6AB-4983-ABB3-0E9CF0C98CCD}.Debug|Any CPU.Build.0 = Debug|Any CPU
		{9CA540AD-C6AB-4983-ABB3-0E9CF0C98CCD}.Debug|Any CPU.Deploy.0 = Debug|Any CPU
		{9CA540AD-C6AB-4983-ABB3-0E9CF0C98CCD}.Release|Any CPU.ActiveCfg = Release|Any CPU
		{9CA540AD-C6AB-4983-ABB3-0E9CF0C98CCD}.Release|Any CPU.Build.0 = Release|Any CPU
		{9CA540AD-C6AB-4983-ABB3-0E9CF0C98CCD}.Release|Any CPU.Deploy.0 = Release|Any CPU
		{282C0D3B-E68E-41F4-A820-E5E7A034CFD7}.Debug|Any CPU.ActiveCfg = Debug|Any CPU
		{282C0D3B-E68E-41F4-A820-E5E7A034CFD7}.Debug|Any CPU.Build.0 = Debug|Any CPU
		{282C0D3B-E68E-41F4-A820-E5E7A034CFD7}.Release|Any CPU.ActiveCfg = Release|Any CPU
		{282C0D3B-E68E-41F4-A820-E5E7A034CFD7}.Release|Any CPU.Build.0 = Release|Any CPU
	EndGlobalSection
	GlobalSection(SolutionProperties) = preSolution
		HideSolutionNode = FALSE
	EndGlobalSection
EndGlobal
